
Microsoft Visual Studio Solution File, Format Version 12.00
# Visual Studio Version 16
VisualStudioVersion = 16.0.29613.14
MinimumVisualStudioVersion = 10.0.40219.1
Project("{FAE04EC0-301F-11D3-BF4B-00C04F79EFBC}") = "TerarriaParse", "TerarriaParse\TerarriaParse.csproj", "{4C7B9D4A-80D0-4E2E-B955-0B7E595AEB6D}"
EndProject
Global
	GlobalSection(SolutionConfigurationPlatforms) = preSolution
		Debug|Any CPU = Debug|Any CPU
		Release|Any CPU = Release|Any CPU
	EndGlobalSection
	GlobalSection(ProjectConfigurationPlatforms) = postSolution
		{4C7B9D4A-80D0-4E2E-B955-0B7E595AEB6D}.Debug|Any CPU.ActiveCfg = Debug|Any CPU
		{4C7B9D4A-80D0-4E2E-B955-0B7E595AEB6D}.Debug|Any CPU.Build.0 = Debug|Any CPU
		{4C7B9D4A-80D0-4E2E-B955-0B7E595AEB6D}.Release|Any CPU.ActiveCfg = Release|Any CPU
		{4C7B9D4A-80D0-4E2E-B955-0B7E595AEB6D}.Release|Any CPU.Build.0 = Release|Any CPU
	EndGlobalSection
	GlobalSection(SolutionProperties) = preSolution
		HideSolutionNode = FALSE
	EndGlobalSection
	GlobalSection(ExtensibilityGlobals) = postSolution
		SolutionGuid = {C8B2BA4A-FCF8-4DB1-B2A6-A6779460FC3D}
	EndGlobalSection
EndGlobal
